
Microsoft Visual Studio Solution File, Format Version 12.00
# Visual Studio Version 17
VisualStudioVersion = 17.3.32811.315
MinimumVisualStudioVersion = 10.0.40219.1
Project("{FAE04EC0-301F-11D3-BF4B-00C04F79EFBC}") = "DapperCrud", "DapperCrud\DapperCrud.csproj", "{92F7E7A7-7C49-4B78-96D9-59565F1F2BAE}"
EndProject
Global
	GlobalSection(SolutionConfigurationPlatforms) = preSolution
		Debug|Any CPU = Debug|Any CPU
		Release|Any CPU = Release|Any CPU
	EndGlobalSection
	GlobalSection(ProjectConfigurationPlatforms) = postSolution
		{92F7E7A7-7C49-4B78-96D9-59565F1F2BAE}.Debug|Any CPU.ActiveCfg = Debug|Any CPU
		{92F7E7A7-7C49-4B78-96D9-59565F1F2BAE}.Debug|Any CPU.Build.0 = Debug|Any CPU
		{92F7E7A7-7C49-4B78-96D9-59565F1F2BAE}.Release|Any CPU.ActiveCfg = Release|Any CPU
		{92F7E7A7-7C49-4B78-96D9-59565F1F2BAE}.Release|Any CPU.Build.0 = Release|Any CPU
	EndGlobalSection
	GlobalSection(SolutionProperties) = preSolution
		HideSolutionNode = FALSE
	EndGlobalSection
	GlobalSection(ExtensibilityGlobals) = postSolution
		SolutionGuid = {E7E194BE-547A-4A5C-9274-10CD48A2B6D1}
	EndGlobalSection
EndGlobal
